
Microsoft Visual Studio Solution File, Format Version 12.00
# Visual Studio Version 16
VisualStudioVersion = 16.0.31702.278
MinimumVisualStudioVersion = 10.0.40219.1
Project("{FAE04EC0-301F-11D3-BF4B-00C04F79EFBC}") = "ExceptionDemo001", "ExceptionDemo001.csproj", "{E1034C0C-26EC-439D-8AA4-47B31EE816F2}"
EndProject
Global
	GlobalSection(SolutionConfigurationPlatforms) = preSolution
		Debug|Any CPU = Debug|Any CPU
		Release|Any CPU = Release|Any CPU
	EndGlobalSection
	GlobalSection(ProjectConfigurationPlatforms) = postSolution
		{E1034C0C-26EC-439D-8AA4-47B31EE816F2}.Debug|Any CPU.ActiveCfg = Debug|Any CPU
		{E1034C0C-26EC-439D-8AA4-47B31EE816F2}.Debug|Any CPU.Build.0 = Debug|Any CPU
		{E1034C0C-26EC-439D-8AA4-47B31EE816F2}.Release|Any CPU.ActiveCfg = Release|Any CPU
		{E1034C0C-26EC-439D-8AA4-47B31EE816F2}.Release|Any CPU.Build.0 = Release|Any CPU
	EndGlobalSection
	GlobalSection(SolutionProperties) = preSolution
		HideSolutionNode = FALSE
	EndGlobalSection
	GlobalSection(ExtensibilityGlobals) = postSolution
		SolutionGuid = {2F6EEAD2-CE4A-4561-A425-8F5A97E2FD2A}
	EndGlobalSection
EndGlobal
